// !$*UTF8*$!
{
	archiveVersion = 1;
	classes = {
	};
	objectVersion = 46;
	objects = {

/* Begin PBXBuildFile section */
		8C3C4903237A9FB700AC52AA /* RCTGoogleAnalyticsBridge.m in Sources */ = {isa = PBXBuildFile; fileRef = 8C3C48F4237A9FB700AC52AA /* RCTGoogleAnalyticsBridge.m */; };
		8C3C4904237A9FB700AC52AA /* GoogleAnalyticsPayload.m in Sources */ = {isa = PBXBuildFile; fileRef = 8C3C48F6237A9FB700AC52AA /* GoogleAnalyticsPayload.m */; };
		8C3C4905237A9FB700AC52AA /* RCTGoogleTagManagerBridge.m in Sources */ = {isa = PBXBuildFile; fileRef = 8C3C48F8237A9FB700AC52AA /* RCTGoogleTagManagerBridge.m */; };
		8C3C4906237A9FB700AC52AA /* RCTGoogleAnalyticsSettings.m in Sources */ = {isa = PBXBuildFile; fileRef = 8C3C48FB237A9FB700AC52AA /* RCTGoogleAnalyticsSettings.m */; };
/* End PBXBuildFile section */

/* Begin PBXCopyFilesBuildPhase section */
		A79185C41C30694E001236A6 /* CopyFiles */ = {
			isa = PBXCopyFilesBuildPhase;
			buildActionMask = 2147483647;
			dstPath = "include/$(PRODUCT_NAME)";
			dstSubfolderSpec = 16;
			files = (
			);
			runOnlyForDeploymentPostprocessing = 0;
		};
/* End PBXCopyFilesBuildPhase section */

/* Begin PBXFileReference section */
		8C3C48F4237A9FB700AC52AA /* RCTGoogleAnalyticsBridge.m */ = {isa = PBXFileReference; fileEncoding = 4; lastKnownFileType = sourcecode.c.objc; path = RCTGoogleAnalyticsBridge.m; sourceTree = "<group>"; };
		8C3C48F5237A9FB700AC52AA /* RCTGoogleTagManagerBridge.h */ = {isa = PBXFileReference; fileEncoding = 4; lastKnownFileType = sourcecode.c.h; path = RCTGoogleTagManagerBridge.h; sourceTree = "<group>"; };
		8C3C48F6237A9FB700AC52AA /* GoogleAnalyticsPayload.m */ = {isa = PBXFileReference; fileEncoding = 4; lastKnownFileType = sourcecode.c.objc; path = GoogleAnalyticsPayload.m; sourceTree = "<group>"; };
		8C3C48F7237A9FB700AC52AA /* RCTGoogleAnalyticsSettings.h */ = {isa = PBXFileReference; fileEncoding = 4; lastKnownFileType = sourcecode.c.h; path = RCTGoogleAnalyticsSettings.h; sourceTree = "<group>"; };
		8C3C48F8237A9FB700AC52AA /* RCTGoogleTagManagerBridge.m */ = {isa = PBXFileReference; fileEncoding = 4; lastKnownFileType = sourcecode.c.objc; path = RCTGoogleTagManagerBridge.m; sourceTree = "<group>"; };
		8C3C48F9237A9FB700AC52AA /* RCTGoogleAnalyticsBridge.h */ = {isa = PBXFileReference; fileEncoding = 4; lastKnownFileType = sourcecode.c.h; path = RCTGoogleAnalyticsBridge.h; sourceTree = "<group>"; };
		8C3C48FA237A9FB700AC52AA /* GoogleAnalyticsPayload.h */ = {isa = PBXFileReference; fileEncoding = 4; lastKnownFileType = sourcecode.c.h; path = GoogleAnalyticsPayload.h; sourceTree = "<group>"; };
		8C3C48FB237A9FB700AC52AA /* RCTGoogleAnalyticsSettings.m */ = {isa = PBXFileReference; fileEncoding = 4; lastKnownFileType = sourcecode.c.objc; path = RCTGoogleAnalyticsSettings.m; sourceTree = "<group>"; };
		A79185C61C30694E001236A6 /* libRCTGoogleAnalyticsBridge.a */ = {isa = PBXFileReference; explicitFileType = archive.ar; includeInIndex = 0; path = libRCTGoogleAnalyticsBridge.a; sourceTree = BUILT_PRODUCTS_DIR; };
/* End PBXFileReference section */

/* Begin PBXFrameworksBuildPhase section */
		A79185C31C30694E001236A6 /* Frameworks */ = {
			isa = PBXFrameworksBuildPhase;
			buildActionMask = 2147483647;
			files = (
			);
			runOnlyForDeploymentPostprocessing = 0;
		};
/* End PBXFrameworksBuildPhase section */

/* Begin PBXGroup section */
		8C3C48F3237A9FB700AC52AA /* RCTGoogleAnalyticsBridge */ = {
			isa = PBXGroup;
			children = (
				8C3C48F4237A9FB700AC52AA /* RCTGoogleAnalyticsBridge.m */,
				8C3C48F5237A9FB700AC52AA /* RCTGoogleTagManagerBridge.h */,
				8C3C48F6237A9FB700AC52AA /* GoogleAnalyticsPayload.m */,
				8C3C48F7237A9FB700AC52AA /* RCTGoogleAnalyticsSettings.h */,
				8C3C48F8237A9FB700AC52AA /* RCTGoogleTagManagerBridge.m */,
				8C3C48F9237A9FB700AC52AA /* RCTGoogleAnalyticsBridge.h */,
				8C3C48FA237A9FB700AC52AA /* GoogleAnalyticsPayload.h */,
				8C3C48FB237A9FB700AC52AA /* RCTGoogleAnalyticsSettings.m */,
			);
			path = RCTGoogleAnalyticsBridge;
			sourceTree = "<group>";
		};
		A79185BD1C30694E001236A6 = {
			isa = PBXGroup;
			children = (
				8C3C48F3237A9FB700AC52AA /* RCTGoogleAnalyticsBridge */,
				A79185C71C30694E001236A6 /* Products */,
			);
			sourceTree = "<group>";
		};
		A79185C71C30694E001236A6 /* Products */ = {
			isa = PBXGroup;
			children = (
				A79185C61C30694E001236A6 /* libRCTGoogleAnalyticsBridge.a */,
			);
			name = Products;
			sourceTree = "<group>";
		};
/* End PBXGroup section */

/* Begin PBXNativeTarget section */
		A79185C51C30694E001236A6 /* RCTGoogleAnalyticsBridge */ = {
			isa = PBXNativeTarget;
			buildConfigurationList = A79185CF1C30694E001236A6 /* Build configuration list for PBXNativeTarget "RCTGoogleAnalyticsBridge" */;
			buildPhases = (
				A79185C21C30694E001236A6 /* Sources */,
				A79185C31C30694E001236A6 /* Frameworks */,
				A79185C41C30694E001236A6 /* CopyFiles */,
			);
			buildRules = (
			);
			dependencies = (
			);
			name = RCTGoogleAnalyticsBridge;
			productName = RCTGoogleAnalyticsBridge;
			productReference = A79185C61C30694E001236A6 /* libRCTGoogleAnalyticsBridge.a */;
			productType = "com.apple.product-type.library.static";
		};
/* End PBXNativeTarget section */

/* Begin PBXProject section */
		A79185BE1C30694E001236A6 /* Project object */ = {
			isa = PBXProject;
			attributes = {
				LastUpgradeCheck = 0720;
				ORGANIZATIONNAME = "Cuong Lam";
				TargetAttributes = {
					A79185C51C30694E001236A6 = {
						CreatedOnToolsVersion = 7.2;
					};
				};
			};
			buildConfigurationList = A79185C11C30694E001236A6 /* Build configuration list for PBXProject "RCTGoogleAnalyticsBridge" */;
			compatibilityVersion = "Xcode 3.2";
			developmentRegion = English;
			hasScannedForEncodings = 0;
			knownRegions = (
				English,
				en,
			);
			mainGroup = A79185BD1C30694E001236A6;
			productRefGroup = A79185C71C30694E001236A6 /* Products */;
			projectDirPath = "";
			projectRoot = "";
			targets = (
				A79185C51C30694E001236A6 /* RCTGoogleAnalyticsBridge */,
			);
		};
/* End PBXProject section */

/* Begin PBXSourcesBuildPhase section */
		A79185C21C30694E001236A6 /* Sources */ = {
			isa = PBXSourcesBuildPhase;
			buildActionMask = 2147483647;
			files = (
				8C3C4904237A9FB700AC52AA /* GoogleAnalyticsPayload.m in Sources */,
				8C3C4905237A9FB700AC52AA /* RCTGoogleTagManagerBridge.m in Sources */,
				8C3C4903237A9FB700AC52AA /* RCTGoogleAnalyticsBridge.m in Sources */,
				8C3C4906237A9FB700AC52AA /* RCTGoogleAnalyticsSettings.m in Sources */,
			);
			runOnlyForDeploymentPostprocessing = 0;
		};
/* End PBXSourcesBuildPhase section */

/* Begin XCBuildConfiguration section */
		A79185CD1C30694E001236A6 /* Debug */ = {
			isa = XCBuildConfiguration;
			buildSettings = {
				ALWAYS_SEARCH_USER_PATHS = NO;
				CLANG_CXX_LANGUAGE_STANDARD = "gnu++0x";
				CLANG_CXX_LIBRARY = "libc++";
				CLANG_ENABLE_MODULES = YES;
				CLANG_ENABLE_OBJC_ARC = YES;
				CLANG_WARN_BOOL_CONVERSION = YES;
				CLANG_WARN_CONSTANT_CONVERSION = YES;
				CLANG_WARN_DIRECT_OBJC_ISA_USAGE = YES_ERROR;
				CLANG_WARN_EMPTY_BODY = YES;
				CLANG_WARN_ENUM_CONVERSION = YES;
				CLANG_WARN_INT_CONVERSION = YES;
				CLANG_WARN_OBJC_ROOT_CLASS = YES_ERROR;
				CLANG_WARN_UNREACHABLE_CODE = YES;
				CLANG_WARN__DUPLICATE_METHOD_MATCH = YES;
				"CODE_SIGN_IDENTITY[sdk=iphoneos*]" = "iPhone Developer";
				COPY_PHASE_STRIP = NO;
				DEBUG_INFORMATION_FORMAT = dwarf;
				ENABLE_BITCODE = YES;
				ENABLE_STRICT_OBJC_MSGSEND = YES;
				ENABLE_TESTABILITY = YES;
				GCC_C_LANGUAGE_STANDARD = gnu99;
				GCC_DYNAMIC_NO_PIC = NO;
				GCC_NO_COMMON_BLOCKS = YES;
				GCC_OPTIMIZATION_LEVEL = 0;
				GCC_PREPROCESSOR_DEFINITIONS = (
					"DEBUG=1",
					"$(inherited)",
				);
				GCC_WARN_64_TO_32_BIT_CONVERSION = YES;
				GCC_WARN_ABOUT_RETURN_TYPE = YES_ERROR;
				GCC_WARN_UNDECLARED_SELECTOR = YES;
				GCC_WARN_UNINITIALIZED_AUTOS = YES_AGGRESSIVE;
				GCC_WARN_UNUSED_FUNCTION = YES;
				GCC_WARN_UNUSED_VARIABLE = YES;
				HEADER_SEARCH_PATHS = (
					"$(inherited)",
					/Applications/Xcode.app/Contents/Developer/Toolchains/XcodeDefault.xctoolchain/usr/include,
					"$(SRCROOT)/../react-native/React/**",
					"$(SRCROOT)/../../React/**",
					"$(SRCROOT)/node_modules/react-native/React",
					"$(SRCROOT)/../../example/node_modules/react-native/React/**",
					"$(SRCROOT)/../../../react-native/React/**",
				);
				IPHONEOS_DEPLOYMENT_TARGET = 9.0;
				MTL_ENABLE_DEBUG_INFO = YES;
				ONLY_ACTIVE_ARCH = YES;
				SDKROOT = iphoneos;
			};
			name = Debug;
		};
		A79185CE1C30694E001236A6 /* Release */ = {
			isa = XCBuildConfiguration;
			buildSettings = {
				ALWAYS_SEARCH_USER_PATHS = NO;
				CLANG_CXX_LANGUAGE_STANDARD = "gnu++0x";
				CLANG_CXX_LIBRARY = "libc++";
				CLANG_ENABLE_MODULES = YES;
				CLANG_ENABLE_OBJC_ARC = YES;
				CLANG_WARN_BOOL_CONVERSION = YES;
				CLANG_WARN_CONSTANT_CONVERSION = YES;
				CLANG_WARN_DIRECT_OBJC_ISA_USAGE = YES_ERROR;
				CLANG_WARN_EMPTY_BODY = YES;
				CLANG_WARN_ENUM_CONVERSION = YES;
				CLANG_WARN_INT_CONVERSION = YES;
				CLANG_WARN_OBJC_ROOT_CLASS = YES_ERROR;
				CLANG_WARN_UNREACHABLE_CODE = YES;
				CLANG_WARN__DUPLICATE_METHOD_MATCH = YES;
				"CODE_SIGN_IDENTITY[sdk=iphoneos*]" = "iPhone Developer";
				COPY_PHASE_STRIP = NO;
				DEBUG_INFORMATION_FORMAT = "dwarf-with-dsym";
				ENABLE_BITCODE = YES;
				ENABLE_NS_ASSERTIONS = NO;
				ENABLE_STRICT_OBJC_MSGSEND = YES;
				GCC_C_LANGUAGE_STANDARD = gnu99;
				GCC_NO_COMMON_BLOCKS = YES;
				GCC_WARN_64_TO_32_BIT_CONVERSION = YES;
				GCC_WARN_ABOUT_RETURN_TYPE = YES_ERROR;
				GCC_WARN_UNDECLARED_SELECTOR = YES;
				GCC_WARN_UNINITIALIZED_AUTOS = YES_AGGRESSIVE;
				GCC_WARN_UNUSED_FUNCTION = YES;
				GCC_WARN_UNUSED_VARIABLE = YES;
				HEADER_SEARCH_PATHS = (
					"$(inherited)",
					/Applications/Xcode.app/Contents/Developer/Toolchains/XcodeDefault.xctoolchain/usr/include,
					"$(SRCROOT)/../react-native/React/**",
					"$(SRCROOT)/../../React/**",
					"$(SRCROOT)/node_modules/react-native/React",
					"$(SRCROOT)/../../example/node_modules/react-native/React/**",
					"$(SRCROOT)/../../../react-native/React/**",
				);
				IPHONEOS_DEPLOYMENT_TARGET = 9.0;
				MTL_ENABLE_DEBUG_INFO = NO;
				SDKROOT = iphoneos;
				SKIP_INSTALL = YES;
				VALIDATE_PRODUCT = YES;
			};
			name = Release;
		};
		A79185D01C30694E001236A6 /* Debug */ = {
			isa = XCBuildConfiguration;
			buildSettings = {
				HEADER_SEARCH_PATHS = (
					"$(inherited)",
					/Applications/Xcode.app/Contents/Developer/Toolchains/XcodeDefault.xctoolchain/usr/include,
					"$(SRCROOT)/../react-native/React/**",
					"$(SRCROOT)/../../React/**",
					"$(SRCROOT)/node_modules/react-native/React",
					"$(SRCROOT)/../../example/node_modules/react-native/React/**",
					"$(SRCROOT)/../../../react-native/React/**",
				);
				LIBRARY_SEARCH_PATHS = (
					"$(inherited)",
					"$(PROJECT_DIR)/google-analytics-lib",
				);
				OTHER_LDFLAGS = "-ObjC";
				PRODUCT_NAME = "$(TARGET_NAME)";
				SKIP_INSTALL = YES;
			};
			name = Debug;
		};
		A79185D11C30694E001236A6 /* Release */ = {
			isa = XCBuildConfiguration;
			buildSettings = {
				HEADER_SEARCH_PATHS = (
					"$(inherited)",
					/Applications/Xcode.app/Contents/Developer/Toolchains/XcodeDefault.xctoolchain/usr/include,
					"$(SRCROOT)/../react-native/React/**",
					"$(SRCROOT)/../../React/**",
					"$(SRCROOT)/node_modules/react-native/React",
					"$(SRCROOT)/../../example/node_modules/react-native/React/**",
					"$(SRCROOT)/../../../react-native/React/**",
				);
				LIBRARY_SEARCH_PATHS = (
					"$(inherited)",
					"$(PROJECT_DIR)/google-analytics-lib",
				);
				OTHER_LDFLAGS = "-ObjC";
				PRODUCT_NAME = "$(TARGET_NAME)";
				SKIP_INSTALL = YES;
			};
			name = Release;
		};
/* End XCBuildConfiguration section */

/* Begin XCConfigurationList section */
		A79185C11C30694E001236A6 /* Build configuration list for PBXProject "RCTGoogleAnalyticsBridge" */ = {
			isa = XCConfigurationList;
			buildConfigurations = (
				A79185CD1C30694E001236A6 /* Debug */,
				A79185CE1C30694E001236A6 /* Release */,
			);
			defaultConfigurationIsVisible = 0;
			defaultConfigurationName = Release;
		};
		A79185CF1C30694E001236A6 /* Build configuration list for PBXNativeTarget "RCTGoogleAnalyticsBridge" */ = {
			isa = XCConfigurationList;
			buildConfigurations = (
				A79185D01C30694E001236A6 /* Debug */,
				A79185D11C30694E001236A6 /* Release */,
			);
			defaultConfigurationIsVisible = 0;
			defaultConfigurationName = Release;
		};
/* End XCConfigurationList section */
	};
	rootObject = A79185BE1C30694E001236A6 /* Project object */;
}
